
Microsoft Visual Studio Solution File, Format Version 12.00
# Visual Studio Version 16
VisualStudioVersion = 16.0.31112.23
MinimumVisualStudioVersion = 10.0.40219.1
Project("{FAE04EC0-301F-11D3-BF4B-00C04F79EFBC}") = "GestiondeReservation", "GestiondeReservation\GestiondeReservation.csproj", "{339F9224-2CB9-4B64-AFD0-C00807248EA7}"
EndProject
Global
	GlobalSection(SolutionConfigurationPlatforms) = preSolution
		Debug|Any CPU = Debug|Any CPU
		Release|Any CPU = Release|Any CPU
	EndGlobalSection
	GlobalSection(ProjectConfigurationPlatforms) = postSolution
		{339F9224-2CB9-4B64-AFD0-C00807248EA7}.Debug|Any CPU.ActiveCfg = Debug|Any CPU
		{339F9224-2CB9-4B64-AFD0-C00807248EA7}.Debug|Any CPU.Build.0 = Debug|Any CPU
		{339F9224-2CB9-4B64-AFD0-C00807248EA7}.Release|Any CPU.ActiveCfg = Release|Any CPU
		{339F9224-2CB9-4B64-AFD0-C00807248EA7}.Release|Any CPU.Build.0 = Release|Any CPU
	EndGlobalSection
	GlobalSection(SolutionProperties) = preSolution
		HideSolutionNode = FALSE
	EndGlobalSection
	GlobalSection(ExtensibilityGlobals) = postSolution
		SolutionGuid = {C3BBB6B9-1633-45A0-BC61-BFC2C52FDF77}
	EndGlobalSection
EndGlobal
